# THIS IS AN AUTOGENERATED FILE. DO NOT EDIT THIS FILE DIRECTLY.
# yarn lockfile v1


"@babel/runtime@^7.12.5":
  version "7.26.0"
  resolved "https://registry.yarnpkg.com/@babel/runtime/-/runtime-7.26.0.tgz#8600c2f595f277c60815256418b85356a65173c1"
  integrity sha512-FDSOghenHTiToteC/QRlv2q3DhPZ/oOXTBoirfWNx1Cx3TMVcGWQtMMmQcSvb/JjpNeGzx8Pq/b4fKEJuWm1sw==
  dependencies:
    regenerator-runtime "^0.14.0"

date-fns@^4.1.0:
  version "4.1.0"
  resolved "https://registry.yarnpkg.com/date-fns/-/date-fns-4.1.0.tgz#64b3d83fff5aa80438f5b1a633c2e83b8a1c2d14"
  integrity sha512-Ukq0owbQXxa/U3EGtsdVBkR1w7KOQ5gIBqdH2hkvknzZPYvBxb/aa6E8L7tmjFtkwZBu3UXBbjIgPo/Ez4xaNg==

react-activity-calendar@^2.7.5:
  version "2.7.5"
  resolved "https://registry.yarnpkg.com/react-activity-calendar/-/react-activity-calendar-2.7.5.tgz#c50a1d1111316f18b5222b54d1db15680cbb6ade"
  integrity sha512-sVXqN4wDsjrwdjCJfgrOYP8Q6o8HfMV+lmxn4GQz4gacOwQNXIC9y0Obs5EqNifqZVJqnGSV1dLmPNWFKw4OLA==
  dependencies:
    date-fns "^4.1.0"

react-error-boundary@^4.1.2:
  version "4.1.2"
  resolved "https://registry.yarnpkg.com/react-error-boundary/-/react-error-boundary-4.1.2.tgz#bc750ad962edb8b135d6ae922c046051eb58f289"
  integrity sha512-GQDxZ5Jd+Aq/qUxbCm1UtzmL/s++V7zKgE8yMktJiCQXCCFZnMZh9ng+6/Ne6PjNSXH0L9CjeOEREfRnq6Duag==
  dependencies:
    "@babel/runtime" "^7.12.5"

react-github-calendar@^4.5.2:
  version "4.5.2"
  resolved "https://registry.yarnpkg.com/react-github-calendar/-/react-github-calendar-4.5.2.tgz#ded1f425b4c31d1ba878ba2e11fadb91f54db813"
  integrity sha512-QgX21sjB5+aLWMDQELtZZOQtcoBW9IuPZSf84PBuUwbByfcQLvzLttlQFemC/EmLJ3pRX0YxjYVoM01hxQ9isw==
  dependencies:
    react-activity-calendar "^2.7.5"
    react-error-boundary "^4.1.2"

regenerator-runtime@^0.14.0:
  version "0.14.1"
  resolved "https://registry.yarnpkg.com/regenerator-runtime/-/regenerator-runtime-0.14.1.tgz#356ade10263f685dda125100cd862c1db895327f"
  integrity sha512-dYnhHh0nJoMfnkZs6GmmhFknAGRrLznOu5nc9ML+EJxGvrx6H7teuevqVqCuPcPK//3eDrrjQhehXVx9cnkGdw==
